
Microsoft Visual Studio Solution File, Format Version 12.00
# Visual Studio Version 17
VisualStudioVersion = 17.4.33213.308
MinimumVisualStudioVersion = 10.0.40219.1
Project("{FAE04EC0-301F-11D3-BF4B-00C04F79EFBC}") = "libtscan_csharp", "libtscan_csharp.csproj", "{2B342AF7-D44C-4108-8C3B-E162A12A4033}"
EndProject
Project("{FAE04EC0-301F-11D3-BF4B-00C04F79EFBC}") = "Flexray_uds_demo", "..\Flexray_uds_demo\Flexray_uds_demo.csproj", "{2CFF497F-CD7A-4C86-9285-D2D278258F68}"
EndProject
Global
	GlobalSection(SolutionConfigurationPlatforms) = preSolution
		Debug|Any CPU = Debug|Any CPU
		Release|Any CPU = Release|Any CPU
	EndGlobalSection
	GlobalSection(ProjectConfigurationPlatforms) = postSolution
		{2B342AF7-D44C-4108-8C3B-E162A12A4033}.Debug|Any CPU.ActiveCfg = Debug|Any CPU
		{2B342AF7-D44C-4108-8C3B-E162A12A4033}.Debug|Any CPU.Build.0 = Debug|Any CPU
		{2B342AF7-D44C-4108-8C3B-E162A12A4033}.Release|Any CPU.ActiveCfg = Release|Any CPU
		{2B342AF7-D44C-4108-8C3B-E162A12A4033}.Release|Any CPU.Build.0 = Release|Any CPU
		{2CFF497F-CD7A-4C86-9285-D2D278258F68}.Debug|Any CPU.ActiveCfg = Debug|Any CPU
		{2CFF497F-CD7A-4C86-9285-D2D278258F68}.Debug|Any CPU.Build.0 = Debug|Any CPU
		{2CFF497F-CD7A-4C86-9285-D2D278258F68}.Release|Any CPU.ActiveCfg = Release|Any CPU
		{2CFF497F-CD7A-4C86-9285-D2D278258F68}.Release|Any CPU.Build.0 = Release|Any CPU
	EndGlobalSection
	GlobalSection(SolutionProperties) = preSolution
		HideSolutionNode = FALSE
	EndGlobalSection
	GlobalSection(ExtensibilityGlobals) = postSolution
		SolutionGuid = {527DE5FB-642F-429B-8F45-559B7433B515}
	EndGlobalSection
EndGlobal
